{
  "name": "k6-demo",
  "version": "1.0.0",
  "lockfileVersion": 3,
  "requires": true,
  "packages": {
    "": {
      "name": "k6-demo",
      "version": "1.0.0",
      "license": "ISC",
      "devDependencies": {
        "@types/k6": "^0.49.0"
      }
    },
    "node_modules/@types/k6": {
      "version": "0.49.0",
      "resolved": "https://registry.npmjs.org/@types/k6/-/k6-0.49.0.tgz",
      "integrity": "sha512-WXT3L51mocfKBB7rCWyAUZL0+HRE7sGwbykwBx8g1BZIlbMbuXjUPPVo0vrCxJD87TjsgL4bAbmRFth07Iwwqg==",
      "dev": true
    }
  }
}
